
Microsoft Visual Studio Solution File, Format Version 12.00
# Visual Studio Version 16
VisualStudioVersion = 16.0.29613.14
MinimumVisualStudioVersion = 10.0.40219.1
Project("{FAE04EC0-301F-11D3-BF4B-00C04F79EFBC}") = "20ingrid3c1", "20ingrid3c1\20ingrid3c1.csproj", "{2E942154-BA9F-4780-9922-E028DDAC7ADE}"
EndProject
Global
	GlobalSection(SolutionConfigurationPlatforms) = preSolution
		Debug|Any CPU = Debug|Any CPU
		Release|Any CPU = Release|Any CPU
	EndGlobalSection
	GlobalSection(ProjectConfigurationPlatforms) = postSolution
		{2E942154-BA9F-4780-9922-E028DDAC7ADE}.Debug|Any CPU.ActiveCfg = Debug|Any CPU
		{2E942154-BA9F-4780-9922-E028DDAC7ADE}.Debug|Any CPU.Build.0 = Debug|Any CPU
		{2E942154-BA9F-4780-9922-E028DDAC7ADE}.Release|Any CPU.ActiveCfg = Release|Any CPU
		{2E942154-BA9F-4780-9922-E028DDAC7ADE}.Release|Any CPU.Build.0 = Release|Any CPU
	EndGlobalSection
	GlobalSection(SolutionProperties) = preSolution
		HideSolutionNode = FALSE
	EndGlobalSection
	GlobalSection(ExtensibilityGlobals) = postSolution
		SolutionGuid = {4FEE8C75-777B-43B4-ADA8-329E12FF13CB}
	EndGlobalSection
EndGlobal
